
Microsoft Visual Studio Solution File, Format Version 12.00
# Visual Studio Version 17
VisualStudioVersion = 17.9.34616.47
MinimumVisualStudioVersion = 10.0.40219.1
Project("{FAE04EC0-301F-11D3-BF4B-00C04F79EFBC}") = "PoliceSecours581", "PoliceSecours581.csproj", "{33F7977D-7B35-463C-B22A-B799FD230438}"
EndProject
Global
	GlobalSection(SolutionConfigurationPlatforms) = preSolution
		Debug|Any CPU = Debug|Any CPU
		Release|Any CPU = Release|Any CPU
	EndGlobalSection
	GlobalSection(ProjectConfigurationPlatforms) = postSolution
		{33F7977D-7B35-463C-B22A-B799FD230438}.Debug|Any CPU.ActiveCfg = Debug|Any CPU
		{33F7977D-7B35-463C-B22A-B799FD230438}.Debug|Any CPU.Build.0 = Debug|Any CPU
		{33F7977D-7B35-463C-B22A-B799FD230438}.Release|Any CPU.ActiveCfg = Release|Any CPU
		{33F7977D-7B35-463C-B22A-B799FD230438}.Release|Any CPU.Build.0 = Release|Any CPU
	EndGlobalSection
	GlobalSection(SolutionProperties) = preSolution
		HideSolutionNode = FALSE
	EndGlobalSection
	GlobalSection(ExtensibilityGlobals) = postSolution
		SolutionGuid = {9DF9C78A-1F8E-4E22-993C-776A32569838}
	EndGlobalSection
EndGlobal
